// !$*UTF8*$!
{
	archiveVersion = 1;
	classes = {
	};
	objectVersion = 50;
	objects = {

/* Begin PBXBuildFile section */
		4D35F8B2982984353BFBF8ED /* Pods_TodoWithFirebase.framework in Frameworks */ = {isa = PBXBuildFile; fileRef = 447CDC6B5A94A353FC9DDCBD /* Pods_TodoWithFirebase.framework */; };
		5923EE44216A1C4E00C521C0 /* AppDelegate.swift in Sources */ = {isa = PBXBuildFile; fileRef = 5923EE43216A1C4E00C521C0 /* AppDelegate.swift */; };
		5923EE49216A1C4E00C521C0 /* Main.storyboard in Resources */ = {isa = PBXBuildFile; fileRef = 5923EE47216A1C4E00C521C0 /* Main.storyboard */; };
		5923EE4B216A1C4F00C521C0 /* Assets.xcassets in Resources */ = {isa = PBXBuildFile; fileRef = 5923EE4A216A1C4F00C521C0 /* Assets.xcassets */; };
		5923EE4E216A1C4F00C521C0 /* LaunchScreen.storyboard in Resources */ = {isa = PBXBuildFile; fileRef = 5923EE4C216A1C4F00C521C0 /* LaunchScreen.storyboard */; };
		5923EE59216A1C4F00C521C0 /* TodoWithFirebaseTests.swift in Sources */ = {isa = PBXBuildFile; fileRef = 5923EE58216A1C4F00C521C0 /* TodoWithFirebaseTests.swift */; };
		5923EE64216A1C4F00C521C0 /* TodoWithFirebaseUITests.swift in Sources */ = {isa = PBXBuildFile; fileRef = 5923EE63216A1C4F00C521C0 /* TodoWithFirebaseUITests.swift */; };
		5923EE72216A2D4C00C521C0 /* GoogleService-Info.plist in Resources */ = {isa = PBXBuildFile; fileRef = 5923EE71216A2D4C00C521C0 /* GoogleService-Info.plist */; };
		5923EE74216A701B00C521C0 /* LoginViewController.swift in Sources */ = {isa = PBXBuildFile; fileRef = 5923EE73216A701B00C521C0 /* LoginViewController.swift */; };
		5923EE76216A80B300C521C0 /* TodoListViewController.swift in Sources */ = {isa = PBXBuildFile; fileRef = 5923EE75216A80B300C521C0 /* TodoListViewController.swift */; };
		59756A94216CE3D000771360 /* Task.swift in Sources */ = {isa = PBXBuildFile; fileRef = 59756A93216CE3D000771360 /* Task.swift */; };
		59AE696B216BC63E00948DF1 /* TaskCell.swift in Sources */ = {isa = PBXBuildFile; fileRef = 59AE6969216BC63E00948DF1 /* TaskCell.swift */; };
		59AE696C216BC63E00948DF1 /* TaskCell.xib in Resources */ = {isa = PBXBuildFile; fileRef = 59AE696A216BC63E00948DF1 /* TaskCell.xib */; };
		59B88098216E8393007F5453 /* RemoteConfigDefaults.plist in Resources */ = {isa = PBXBuildFile; fileRef = 59B88097216E8393007F5453 /* RemoteConfigDefaults.plist */; };
		A9322E4B04D0B6A2104EA365 /* Pods_TodoWithFirebaseUITests.framework in Frameworks */ = {isa = PBXBuildFile; fileRef = D17F539FE2BE2BCA0E5F9C5A /* Pods_TodoWithFirebaseUITests.framework */; };
		B5D3E1B3C8C4360905C3E40A /* Pods_TodoWithFirebaseTests.framework in Frameworks */ = {isa = PBXBuildFile; fileRef = 3EFE6832150FE0112726731E /* Pods_TodoWithFirebaseTests.framework */; };
/* End PBXBuildFile section */

/* Begin PBXContainerItemProxy section */
		5923EE55216A1C4F00C521C0 /* PBXContainerItemProxy */ = {
			isa = PBXContainerItemProxy;
			containerPortal = 5923EE38216A1C4E00C521C0 /* Project object */;
			proxyType = 1;
			remoteGlobalIDString = 5923EE3F216A1C4E00C521C0;
			remoteInfo = TodoWithFirebase;
		};
		5923EE60216A1C4F00C521C0 /* PBXContainerItemProxy */ = {
			isa = PBXContainerItemProxy;
			containerPortal = 5923EE38216A1C4E00C521C0 /* Project object */;
			proxyType = 1;
			remoteGlobalIDString = 5923EE3F216A1C4E00C521C0;
			remoteInfo = TodoWithFirebase;
		};
/* End PBXContainerItemProxy section */

/* Begin PBXFileReference section */
		3EFE6832150FE0112726731E /* Pods_TodoWithFirebaseTests.framework */ = {isa = PBXFileReference; explicitFileType = wrapper.framework; includeInIndex = 0; path = Pods_TodoWithFirebaseTests.framework; sourceTree = BUILT_PRODUCTS_DIR; };
		3F0697F894DBA16CC6D76669 /* Pods-TodoWithFirebase.release.xcconfig */ = {isa = PBXFileReference; includeInIndex = 1; lastKnownFileType = text.xcconfig; name = "Pods-TodoWithFirebase.release.xcconfig"; path = "Pods/Target Support Files/Pods-TodoWithFirebase/Pods-TodoWithFirebase.release.xcconfig"; sourceTree = "<group>"; };
		447CDC6B5A94A353FC9DDCBD /* Pods_TodoWithFirebase.framework */ = {isa = PBXFileReference; explicitFileType = wrapper.framework; includeInIndex = 0; path = Pods_TodoWithFirebase.framework; sourceTree = BUILT_PRODUCTS_DIR; };
		5923EE40216A1C4E00C521C0 /* TodoWithFirebase.app */ = {isa = PBXFileReference; explicitFileType = wrapper.application; includeInIndex = 0; path = TodoWithFirebase.app; sourceTree = BUILT_PRODUCTS_DIR; };
		5923EE43216A1C4E00C521C0 /* AppDelegate.swift */ = {isa = PBXFileReference; lastKnownFileType = sourcecode.swift; path = AppDelegate.swift; sourceTree = "<group>"; };
		5923EE48216A1C4E00C521C0 /* Base */ = {isa = PBXFileReference; lastKnownFileType = file.storyboard; name = Base; path = Base.lproj/Main.storyboard; sourceTree = "<group>"; };
		5923EE4A216A1C4F00C521C0 /* Assets.xcassets */ = {isa = PBXFileReference; lastKnownFileType = folder.assetcatalog; path = Assets.xcassets; sourceTree = "<group>"; };
		5923EE4D216A1C4F00C521C0 /* Base */ = {isa = PBXFileReference; lastKnownFileType = file.storyboard; name = Base; path = Base.lproj/LaunchScreen.storyboard; sourceTree = "<group>"; };
		5923EE4F216A1C4F00C521C0 /* Info.plist */ = {isa = PBXFileReference; lastKnownFileType = text.plist.xml; path = Info.plist; sourceTree = "<group>"; };
		5923EE54216A1C4F00C521C0 /* TodoWithFirebaseTests.xctest */ = {isa = PBXFileReference; explicitFileType = wrapper.cfbundle; includeInIndex = 0; path = TodoWithFirebaseTests.xctest; sourceTree = BUILT_PRODUCTS_DIR; };
		5923EE58216A1C4F00C521C0 /* TodoWithFirebaseTests.swift */ = {isa = PBXFileReference; lastKnownFileType = sourcecode.swift; path = TodoWithFirebaseTests.swift; sourceTree = "<group>"; };
		5923EE5A216A1C4F00C521C0 /* Info.plist */ = {isa = PBXFileReference; lastKnownFileType = text.plist.xml; path = Info.plist; sourceTree = "<group>"; };
		5923EE5F216A1C4F00C521C0 /* TodoWithFirebaseUITests.xctest */ = {isa = PBXFileReference; explicitFileType = wrapper.cfbundle; includeInIndex = 0; path = TodoWithFirebaseUITests.xctest; sourceTree = BUILT_PRODUCTS_DIR; };
		5923EE63216A1C4F00C521C0 /* TodoWithFirebaseUITests.swift */ = {isa = PBXFileReference; lastKnownFileType = sourcecode.swift; path = TodoWithFirebaseUITests.swift; sourceTree = "<group>"; };
		5923EE65216A1C4F00C521C0 /* Info.plist */ = {isa = PBXFileReference; lastKnownFileType = text.plist.xml; path = Info.plist; sourceTree = "<group>"; };
		5923EE71216A2D4C00C521C0 /* GoogleService-Info.plist */ = {isa = PBXFileReference; fileEncoding = 4; lastKnownFileType = text.plist.xml; path = "GoogleService-Info.plist"; sourceTree = "<group>"; };
		5923EE73216A701B00C521C0 /* LoginViewController.swift */ = {isa = PBXFileReference; lastKnownFileType = sourcecode.swift; path = LoginViewController.swift; sourceTree = "<group>"; };
		5923EE75216A80B300C521C0 /* TodoListViewController.swift */ = {isa = PBXFileReference; lastKnownFileType = sourcecode.swift; path = TodoListViewController.swift; sourceTree = "<group>"; };
		59756A93216CE3D000771360 /* Task.swift */ = {isa = PBXFileReference; lastKnownFileType = sourcecode.swift; path = Task.swift; sourceTree = "<group>"; };
		59AE6969216BC63E00948DF1 /* TaskCell.swift */ = {isa = PBXFileReference; lastKnownFileType = sourcecode.swift; path = TaskCell.swift; sourceTree = "<group>"; };
		59AE696A216BC63E00948DF1 /* TaskCell.xib */ = {isa = PBXFileReference; lastKnownFileType = file.xib; path = TaskCell.xib; sourceTree = "<group>"; };
		59B88097216E8393007F5453 /* RemoteConfigDefaults.plist */ = {isa = PBXFileReference; lastKnownFileType = text.plist.xml; path = RemoteConfigDefaults.plist; sourceTree = "<group>"; };
		604EA2956D08038B7F7D364C /* Pods-TodoWithFirebaseTests.release.xcconfig */ = {isa = PBXFileReference; includeInIndex = 1; lastKnownFileType = text.xcconfig; name = "Pods-TodoWithFirebaseTests.release.xcconfig"; path = "Pods/Target Support Files/Pods-TodoWithFirebaseTests/Pods-TodoWithFirebaseTests.release.xcconfig"; sourceTree = "<group>"; };
		99C8B70390907F6E31EF6B91 /* Pods-TodoWithFirebase.debug.xcconfig */ = {isa = PBXFileReference; includeInIndex = 1; lastKnownFileType = text.xcconfig; name = "Pods-TodoWithFirebase.debug.xcconfig"; path = "Pods/Target Support Files/Pods-TodoWithFirebase/Pods-TodoWithFirebase.debug.xcconfig"; sourceTree = "<group>"; };
		B241B4FF12A6686015AED4E7 /* Pods-TodoWithFirebaseUITests.debug.xcconfig */ = {isa = PBXFileReference; includeInIndex = 1; lastKnownFileType = text.xcconfig; name = "Pods-TodoWithFirebaseUITests.debug.xcconfig"; path = "Pods/Target Support Files/Pods-TodoWithFirebaseUITests/Pods-TodoWithFirebaseUITests.debug.xcconfig"; sourceTree = "<group>"; };
		C19123F3FCE24FE12818C435 /* Pods-TodoWithFirebaseUITests.release.xcconfig */ = {isa = PBXFileReference; includeInIndex = 1; lastKnownFileType = text.xcconfig; name = "Pods-TodoWithFirebaseUITests.release.xcconfig"; path = "Pods/Target Support Files/Pods-TodoWithFirebaseUITests/Pods-TodoWithFirebaseUITests.release.xcconfig"; sourceTree = "<group>"; };
		D17F539FE2BE2BCA0E5F9C5A /* Pods_TodoWithFirebaseUITests.framework */ = {isa = PBXFileReference; explicitFileType = wrapper.framework; includeInIndex = 0; path = Pods_TodoWithFirebaseUITests.framework; sourceTree = BUILT_PRODUCTS_DIR; };
		E5E8D33AEB06A5E2850F35EC /* Pods-TodoWithFirebaseTests.debug.xcconfig */ = {isa = PBXFileReference; includeInIndex = 1; lastKnownFileType = text.xcconfig; name = "Pods-TodoWithFirebaseTests.debug.xcconfig"; path = "Pods/Target Support Files/Pods-TodoWithFirebaseTests/Pods-TodoWithFirebaseTests.debug.xcconfig"; sourceTree = "<group>"; };
/* End PBXFileReference section */

/* Begin PBXFrameworksBuildPhase section */
		5923EE3D216A1C4E00C521C0 /* Frameworks */ = {
			isa = PBXFrameworksBuildPhase;
			buildActionMask = 2147483647;
			files = (
				4D35F8B2982984353BFBF8ED /* Pods_TodoWithFirebase.framework in Frameworks */,
			);
			runOnlyForDeploymentPostprocessing = 0;
		};
		5923EE51216A1C4F00C521C0 /* Frameworks */ = {
			isa = PBXFrameworksBuildPhase;
			buildActionMask = 2147483647;
			files = (
				B5D3E1B3C8C4360905C3E40A /* Pods_TodoWithFirebaseTests.framework in Frameworks */,
			);
			runOnlyForDeploymentPostprocessing = 0;
		};
		5923EE5C216A1C4F00C521C0 /* Frameworks */ = {
			isa = PBXFrameworksBuildPhase;
			buildActionMask = 2147483647;
			files = (
				A9322E4B04D0B6A2104EA365 /* Pods_TodoWithFirebaseUITests.framework in Frameworks */,
			);
			runOnlyForDeploymentPostprocessing = 0;
		};
/* End PBXFrameworksBuildPhase section */

/* Begin PBXGroup section */
		43E202C484F74422E3515852 /* Frameworks */ = {
			isa = PBXGroup;
			children = (
				447CDC6B5A94A353FC9DDCBD /* Pods_TodoWithFirebase.framework */,
				3EFE6832150FE0112726731E /* Pods_TodoWithFirebaseTests.framework */,
				D17F539FE2BE2BCA0E5F9C5A /* Pods_TodoWithFirebaseUITests.framework */,
			);
			name = Frameworks;
			sourceTree = "<group>";
		};
		5923EE37216A1C4E00C521C0 = {
			isa = PBXGroup;
			children = (
				5923EE42216A1C4E00C521C0 /* TodoWithFirebase */,
				5923EE57216A1C4F00C521C0 /* TodoWithFirebaseTests */,
				5923EE62216A1C4F00C521C0 /* TodoWithFirebaseUITests */,
				5923EE41216A1C4E00C521C0 /* Products */,
				F02CA0BAC4D7E295EC75697B /* Pods */,
				43E202C484F74422E3515852 /* Frameworks */,
			);
			sourceTree = "<group>";
		};
		5923EE41216A1C4E00C521C0 /* Products */ = {
			isa = PBXGroup;
			children = (
				5923EE40216A1C4E00C521C0 /* TodoWithFirebase.app */,
				5923EE54216A1C4F00C521C0 /* TodoWithFirebaseTests.xctest */,
				5923EE5F216A1C4F00C521C0 /* TodoWithFirebaseUITests.xctest */,
			);
			name = Products;
			sourceTree = "<group>";
		};
		5923EE42216A1C4E00C521C0 /* TodoWithFirebase */ = {
			isa = PBXGroup;
			children = (
				5923EE43216A1C4E00C521C0 /* AppDelegate.swift */,
				5923EE75216A80B300C521C0 /* TodoListViewController.swift */,
				5923EE73216A701B00C521C0 /* LoginViewController.swift */,
				59AE6969216BC63E00948DF1 /* TaskCell.swift */,
				59AE696A216BC63E00948DF1 /* TaskCell.xib */,
				5923EE47216A1C4E00C521C0 /* Main.storyboard */,
				5923EE4A216A1C4F00C521C0 /* Assets.xcassets */,
				5923EE4C216A1C4F00C521C0 /* LaunchScreen.storyboard */,
				5923EE4F216A1C4F00C521C0 /* Info.plist */,
				5923EE71216A2D4C00C521C0 /* GoogleService-Info.plist */,
				59756A93216CE3D000771360 /* Task.swift */,
				59B88097216E8393007F5453 /* RemoteConfigDefaults.plist */,
			);
			path = TodoWithFirebase;
			sourceTree = "<group>";
		};
		5923EE57216A1C4F00C521C0 /* TodoWithFirebaseTests */ = {
			isa = PBXGroup;
			children = (
				5923EE58216A1C4F00C521C0 /* TodoWithFirebaseTests.swift */,
				5923EE5A216A1C4F00C521C0 /* Info.plist */,
			);
			path = TodoWithFirebaseTests;
			sourceTree = "<group>";
		};
		5923EE62216A1C4F00C521C0 /* TodoWithFirebaseUITests */ = {
			isa = PBXGroup;
			children = (
				5923EE63216A1C4F00C521C0 /* TodoWithFirebaseUITests.swift */,
				5923EE65216A1C4F00C521C0 /* Info.plist */,
			);
			path = TodoWithFirebaseUITests;
			sourceTree = "<group>";
		};
		F02CA0BAC4D7E295EC75697B /* Pods */ = {
			isa = PBXGroup;
			children = (
				99C8B70390907F6E31EF6B91 /* Pods-TodoWithFirebase.debug.xcconfig */,
				3F0697F894DBA16CC6D76669 /* Pods-TodoWithFirebase.release.xcconfig */,
				E5E8D33AEB06A5E2850F35EC /* Pods-TodoWithFirebaseTests.debug.xcconfig */,
				604EA2956D08038B7F7D364C /* Pods-TodoWithFirebaseTests.release.xcconfig */,
				B241B4FF12A6686015AED4E7 /* Pods-TodoWithFirebaseUITests.debug.xcconfig */,
				C19123F3FCE24FE12818C435 /* Pods-TodoWithFirebaseUITests.release.xcconfig */,
			);
			name = Pods;
			sourceTree = "<group>";
		};
/* End PBXGroup section */

/* Begin PBXNativeTarget section */
		5923EE3F216A1C4E00C521C0 /* TodoWithFirebase */ = {
			isa = PBXNativeTarget;
			buildConfigurationList = 5923EE68216A1C4F00C521C0 /* Build configuration list for PBXNativeTarget "TodoWithFirebase" */;
			buildPhases = (
				F0D9F4181C7A546758A566E9 /* [CP] Check Pods Manifest.lock */,
				5923EE3C216A1C4E00C521C0 /* Sources */,
				5923EE3D216A1C4E00C521C0 /* Frameworks */,
				5923EE3E216A1C4E00C521C0 /* Resources */,
				6F900ECA44C9F84B5EC88244 /* [CP] Embed Pods Frameworks */,
				275AE1C32EFCC8B36BE7124B /* [CP] Copy Pods Resources */,
			);
			buildRules = (
			);
			dependencies = (
			);
			name = TodoWithFirebase;
			productName = TodoWithFirebase;
			productReference = 5923EE40216A1C4E00C521C0 /* TodoWithFirebase.app */;
			productType = "com.apple.product-type.application";
		};
		5923EE53216A1C4F00C521C0 /* TodoWithFirebaseTests */ = {
			isa = PBXNativeTarget;
			buildConfigurationList = 5923EE6B216A1C4F00C521C0 /* Build configuration list for PBXNativeTarget "TodoWithFirebaseTests" */;
			buildPhases = (
				00ED6198F2036D4AB5F3618A /* [CP] Check Pods Manifest.lock */,
				5923EE50216A1C4F00C521C0 /* Sources */,
				5923EE51216A1C4F00C521C0 /* Frameworks */,
				5923EE52216A1C4F00C521C0 /* Resources */,
			);
			buildRules = (
			);
			dependencies = (
				5923EE56216A1C4F00C521C0 /* PBXTargetDependency */,
			);
			name = TodoWithFirebaseTests;
			productName = TodoWithFirebaseTests;
			productReference = 5923EE54216A1C4F00C521C0 /* TodoWithFirebaseTests.xctest */;
			productType = "com.apple.product-type.bundle.unit-test";
		};
		5923EE5E216A1C4F00C521C0 /* TodoWithFirebaseUITests */ = {
			isa = PBXNativeTarget;
			buildConfigurationList = 5923EE6E216A1C4F00C521C0 /* Build configuration list for PBXNativeTarget "TodoWithFirebaseUITests" */;
			buildPhases = (
				DA6EBC094F482703C670AE98 /* [CP] Check Pods Manifest.lock */,
				5923EE5B216A1C4F00C521C0 /* Sources */,
				5923EE5C216A1C4F00C521C0 /* Frameworks */,
				5923EE5D216A1C4F00C521C0 /* Resources */,
			);
			buildRules = (
			);
			dependencies = (
				5923EE61216A1C4F00C521C0 /* PBXTargetDependency */,
			);
			name = TodoWithFirebaseUITests;
			productName = TodoWithFirebaseUITests;
			productReference = 5923EE5F216A1C4F00C521C0 /* TodoWithFirebaseUITests.xctest */;
			productType = "com.apple.product-type.bundle.ui-testing";
		};
/* End PBXNativeTarget section */

/* Begin PBXProject section */
		5923EE38216A1C4E00C521C0 /* Project object */ = {
			isa = PBXProject;
			attributes = {
				LastSwiftUpdateCheck = 1000;
				LastUpgradeCheck = 1000;
				ORGANIZATIONNAME = "Ahmet Keskin";
				TargetAttributes = {
					5923EE3F216A1C4E00C521C0 = {
						CreatedOnToolsVersion = 10.0;
					};
					5923EE53216A1C4F00C521C0 = {
						CreatedOnToolsVersion = 10.0;
						TestTargetID = 5923EE3F216A1C4E00C521C0;
					};
					5923EE5E216A1C4F00C521C0 = {
						CreatedOnToolsVersion = 10.0;
						TestTargetID = 5923EE3F216A1C4E00C521C0;
					};
				};
			};
			buildConfigurationList = 5923EE3B216A1C4E00C521C0 /* Build configuration list for PBXProject "TodoWithFirebase" */;
			compatibilityVersion = "Xcode 9.3";
			developmentRegion = en;
			hasScannedForEncodings = 0;
			knownRegions = (
				en,
				Base,
			);
			mainGroup = 5923EE37216A1C4E00C521C0;
			productRefGroup = 5923EE41216A1C4E00C521C0 /* Products */;
			projectDirPath = "";
			projectRoot = "";
			targets = (
				5923EE3F216A1C4E00C521C0 /* TodoWithFirebase */,
				5923EE53216A1C4F00C521C0 /* TodoWithFirebaseTests */,
				5923EE5E216A1C4F00C521C0 /* TodoWithFirebaseUITests */,
			);
		};
/* End PBXProject section */

/* Begin PBXResourcesBuildPhase section */
		5923EE3E216A1C4E00C521C0 /* Resources */ = {
			isa = PBXResourcesBuildPhase;
			buildActionMask = 2147483647;
			files = (
				59B88098216E8393007F5453 /* RemoteConfigDefaults.plist in Resources */,
				5923EE4E216A1C4F00C521C0 /* LaunchScreen.storyboard in Resources */,
				59AE696C216BC63E00948DF1 /* TaskCell.xib in Resources */,
				5923EE72216A2D4C00C521C0 /* GoogleService-Info.plist in Resources */,
				5923EE4B216A1C4F00C521C0 /* Assets.xcassets in Resources */,
				5923EE49216A1C4E00C521C0 /* Main.storyboard in Resources */,
			);
			runOnlyForDeploymentPostprocessing = 0;
		};
		5923EE52216A1C4F00C521C0 /* Resources */ = {
			isa = PBXResourcesBuildPhase;
			buildActionMask = 2147483647;
			files = (
			);
			runOnlyForDeploymentPostprocessing = 0;
		};
		5923EE5D216A1C4F00C521C0 /* Resources */ = {
			isa = PBXResourcesBuildPhase;
			buildActionMask = 2147483647;
			files = (
			);
			runOnlyForDeploymentPostprocessing = 0;
		};
/* End PBXResourcesBuildPhase section */

/* Begin PBXShellScriptBuildPhase section */
		00ED6198F2036D4AB5F3618A /* [CP] Check Pods Manifest.lock */ = {
			isa = PBXShellScriptBuildPhase;
			buildActionMask = 2147483647;
			files = (
			);
			inputPaths = (
				"${PODS_PODFILE_DIR_PATH}/Podfile.lock",
				"${PODS_ROOT}/Manifest.lock",
			);
			name = "[CP] Check Pods Manifest.lock";
			outputPaths = (
				"$(DERIVED_FILE_DIR)/Pods-TodoWithFirebaseTests-checkManifestLockResult.txt",
			);
			runOnlyForDeploymentPostprocessing = 0;
			shellPath = /bin/sh;
			shellScript = "diff \"${PODS_PODFILE_DIR_PATH}/Podfile.lock\" \"${PODS_ROOT}/Manifest.lock\" > /dev/null\nif [ $? != 0 ] ; then\n    # print error to STDERR\n    echo \"error: The sandbox is not in sync with the Podfile.lock. Run 'pod install' or update your CocoaPods installation.\" >&2\n    exit 1\nfi\n# This output is used by Xcode 'outputs' to avoid re-running this script phase.\necho \"SUCCESS\" > \"${SCRIPT_OUTPUT_FILE_0}\"\n";
			showEnvVarsInLog = 0;
		};
		275AE1C32EFCC8B36BE7124B /* [CP] Copy Pods Resources */ = {
			isa = PBXShellScriptBuildPhase;
			buildActionMask = 2147483647;
			files = (
			);
			inputPaths = (
				"${SRCROOT}/Pods/Target Support Files/Pods-TodoWithFirebase/Pods-TodoWithFirebase-resources.sh",
				"${PODS_ROOT}/GoogleSignIn/Resources/GoogleSignIn.bundle",
			);
			name = "[CP] Copy Pods Resources";
			outputPaths = (
				"${TARGET_BUILD_DIR}/${UNLOCALIZED_RESOURCES_FOLDER_PATH}/GoogleSignIn.bundle",
			);
			runOnlyForDeploymentPostprocessing = 0;
			shellPath = /bin/sh;
			shellScript = "\"${SRCROOT}/Pods/Target Support Files/Pods-TodoWithFirebase/Pods-TodoWithFirebase-resources.sh\"\n";
			showEnvVarsInLog = 0;
		};
		6F900ECA44C9F84B5EC88244 /* [CP] Embed Pods Frameworks */ = {
			isa = PBXShellScriptBuildPhase;
			buildActionMask = 2147483647;
			files = (
			);
			inputPaths = (
				"${SRCROOT}/Pods/Target Support Files/Pods-TodoWithFirebase/Pods-TodoWithFirebase-frameworks.sh",
				"${BUILT_PRODUCTS_DIR}/GTMOAuth2/GTMOAuth2.framework",
				"${BUILT_PRODUCTS_DIR}/GTMSessionFetcher/GTMSessionFetcher.framework",
				"${BUILT_PRODUCTS_DIR}/GoogleToolboxForMac/GoogleToolboxForMac.framework",
				"${BUILT_PRODUCTS_DIR}/GoogleUtilities/GoogleUtilities.framework",
				"${BUILT_PRODUCTS_DIR}/Protobuf/Protobuf.framework",
				"${BUILT_PRODUCTS_DIR}/leveldb-library/leveldb.framework",
				"${BUILT_PRODUCTS_DIR}/nanopb/nanopb.framework",
			);
			name = "[CP] Embed Pods Frameworks";
			outputPaths = (
				"${TARGET_BUILD_DIR}/${FRAMEWORKS_FOLDER_PATH}/GTMOAuth2.framework",
				"${TARGET_BUILD_DIR}/${FRAMEWORKS_FOLDER_PATH}/GTMSessionFetcher.framework",
				"${TARGET_BUILD_DIR}/${FRAMEWORKS_FOLDER_PATH}/GoogleToolboxForMac.framework",
				"${TARGET_BUILD_DIR}/${FRAMEWORKS_FOLDER_PATH}/GoogleUtilities.framework",
				"${TARGET_BUILD_DIR}/${FRAMEWORKS_FOLDER_PATH}/Protobuf.framework",
				"${TARGET_BUILD_DIR}/${FRAMEWORKS_FOLDER_PATH}/leveldb.framework",
				"${TARGET_BUILD_DIR}/${FRAMEWORKS_FOLDER_PATH}/nanopb.framework",
			);
			runOnlyForDeploymentPostprocessing = 0;
			shellPath = /bin/sh;
			shellScript = "\"${SRCROOT}/Pods/Target Support Files/Pods-TodoWithFirebase/Pods-TodoWithFirebase-frameworks.sh\"\n";
			showEnvVarsInLog = 0;
		};
		DA6EBC094F482703C670AE98 /* [CP] Check Pods Manifest.lock */ = {
			isa = PBXShellScriptBuildPhase;
			buildActionMask = 2147483647;
			files = (
			);
			inputPaths = (
				"${PODS_PODFILE_DIR_PATH}/Podfile.lock",
				"${PODS_ROOT}/Manifest.lock",
			);
			name = "[CP] Check Pods Manifest.lock";
			outputPaths = (
				"$(DERIVED_FILE_DIR)/Pods-TodoWithFirebaseUITests-checkManifestLockResult.txt",
			);
			runOnlyForDeploymentPostprocessing = 0;
			shellPath = /bin/sh;
			shellScript = "diff \"${PODS_PODFILE_DIR_PATH}/Podfile.lock\" \"${PODS_ROOT}/Manifest.lock\" > /dev/null\nif [ $? != 0 ] ; then\n    # print error to STDERR\n    echo \"error: The sandbox is not in sync with the Podfile.lock. Run 'pod install' or update your CocoaPods installation.\" >&2\n    exit 1\nfi\n# This output is used by Xcode 'outputs' to avoid re-running this script phase.\necho \"SUCCESS\" > \"${SCRIPT_OUTPUT_FILE_0}\"\n";
			showEnvVarsInLog = 0;
		};
		F0D9F4181C7A546758A566E9 /* [CP] Check Pods Manifest.lock */ = {
			isa = PBXShellScriptBuildPhase;
			buildActionMask = 2147483647;
			files = (
			);
			inputPaths = (
				"${PODS_PODFILE_DIR_PATH}/Podfile.lock",
				"${PODS_ROOT}/Manifest.lock",
			);
			name = "[CP] Check Pods Manifest.lock";
			outputPaths = (
				"$(DERIVED_FILE_DIR)/Pods-TodoWithFirebase-checkManifestLockResult.txt",
			);
			runOnlyForDeploymentPostprocessing = 0;
			shellPath = /bin/sh;
			shellScript = "diff \"${PODS_PODFILE_DIR_PATH}/Podfile.lock\" \"${PODS_ROOT}/Manifest.lock\" > /dev/null\nif [ $? != 0 ] ; then\n    # print error to STDERR\n    echo \"error: The sandbox is not in sync with the Podfile.lock. Run 'pod install' or update your CocoaPods installation.\" >&2\n    exit 1\nfi\n# This output is used by Xcode 'outputs' to avoid re-running this script phase.\necho \"SUCCESS\" > \"${SCRIPT_OUTPUT_FILE_0}\"\n";
			showEnvVarsInLog = 0;
		};
/* End PBXShellScriptBuildPhase section */

/* Begin PBXSourcesBuildPhase section */
		5923EE3C216A1C4E00C521C0 /* Sources */ = {
			isa = PBXSourcesBuildPhase;
			buildActionMask = 2147483647;
			files = (
				59AE696B216BC63E00948DF1 /* TaskCell.swift in Sources */,
				5923EE76216A80B300C521C0 /* TodoListViewController.swift in Sources */,
				59756A94216CE3D000771360 /* Task.swift in Sources */,
				5923EE74216A701B00C521C0 /* LoginViewController.swift in Sources */,
				5923EE44216A1C4E00C521C0 /* AppDelegate.swift in Sources */,
			);
			runOnlyForDeploymentPostprocessing = 0;
		};
		5923EE50216A1C4F00C521C0 /* Sources */ = {
			isa = PBXSourcesBuildPhase;
			buildActionMask = 2147483647;
			files = (
				5923EE59216A1C4F00C521C0 /* TodoWithFirebaseTests.swift in Sources */,
			);
			runOnlyForDeploymentPostprocessing = 0;
		};
		5923EE5B216A1C4F00C521C0 /* Sources */ = {
			isa = PBXSourcesBuildPhase;
			buildActionMask = 2147483647;
			files = (
				5923EE64216A1C4F00C521C0 /* TodoWithFirebaseUITests.swift in Sources */,
			);
			runOnlyForDeploymentPostprocessing = 0;
		};
/* End PBXSourcesBuildPhase section */

/* Begin PBXTargetDependency section */
		5923EE56216A1C4F00C521C0 /* PBXTargetDependency */ = {
			isa = PBXTargetDependency;
			target = 5923EE3F216A1C4E00C521C0 /* TodoWithFirebase */;
			targetProxy = 5923EE55216A1C4F00C521C0 /* PBXContainerItemProxy */;
		};
		5923EE61216A1C4F00C521C0 /* PBXTargetDependency */ = {
			isa = PBXTargetDependency;
			target = 5923EE3F216A1C4E00C521C0 /* TodoWithFirebase */;
			targetProxy = 5923EE60216A1C4F00C521C0 /* PBXContainerItemProxy */;
		};
/* End PBXTargetDependency section */

/* Begin PBXVariantGroup section */
		5923EE47216A1C4E00C521C0 /* Main.storyboard */ = {
			isa = PBXVariantGroup;
			children = (
				5923EE48216A1C4E00C521C0 /* Base */,
			);
			name = Main.storyboard;
			sourceTree = "<group>";
		};
		5923EE4C216A1C4F00C521C0 /* LaunchScreen.storyboard */ = {
			isa = PBXVariantGroup;
			children = (
				5923EE4D216A1C4F00C521C0 /* Base */,
			);
			name = LaunchScreen.storyboard;
			sourceTree = "<group>";
		};
/* End PBXVariantGroup section */

/* Begin XCBuildConfiguration section */
		5923EE66216A1C4F00C521C0 /* Debug */ = {
			isa = XCBuildConfiguration;
			buildSettings = {
				ALWAYS_SEARCH_USER_PATHS = NO;
				CLANG_ANALYZER_NONNULL = YES;
				CLANG_ANALYZER_NUMBER_OBJECT_CONVERSION = YES_AGGRESSIVE;
				CLANG_CXX_LANGUAGE_STANDARD = "gnu++14";
				CLANG_CXX_LIBRARY = "libc++";
				CLANG_ENABLE_MODULES = YES;
				CLANG_ENABLE_OBJC_ARC = YES;
				CLANG_ENABLE_OBJC_WEAK = YES;
				CLANG_WARN_BLOCK_CAPTURE_AUTORELEASING = YES;
				CLANG_WARN_BOOL_CONVERSION = YES;
				CLANG_WARN_COMMA = YES;
				CLANG_WARN_CONSTANT_CONVERSION = YES;
				CLANG_WARN_DEPRECATED_OBJC_IMPLEMENTATIONS = YES;
				CLANG_WARN_DIRECT_OBJC_ISA_USAGE = YES_ERROR;
				CLANG_WARN_DOCUMENTATION_COMMENTS = YES;
				CLANG_WARN_EMPTY_BODY = YES;
				CLANG_WARN_ENUM_CONVERSION = YES;
				CLANG_WARN_INFINITE_RECURSION = YES;
				CLANG_WARN_INT_CONVERSION = YES;
				CLANG_WARN_NON_LITERAL_NULL_CONVERSION = YES;
				CLANG_WARN_OBJC_IMPLICIT_RETAIN_SELF = YES;
				CLANG_WARN_OBJC_LITERAL_CONVERSION = YES;
				CLANG_WARN_OBJC_ROOT_CLASS = YES_ERROR;
				CLANG_WARN_RANGE_LOOP_ANALYSIS = YES;
				CLANG_WARN_STRICT_PROTOTYPES = YES;
				CLANG_WARN_SUSPICIOUS_MOVE = YES;
				CLANG_WARN_UNGUARDED_AVAILABILITY = YES_AGGRESSIVE;
				CLANG_WARN_UNREACHABLE_CODE = YES;
				CLANG_WARN__DUPLICATE_METHOD_MATCH = YES;
				CODE_SIGN_IDENTITY = "iPhone Developer";
				COPY_PHASE_STRIP = NO;
				DEBUG_INFORMATION_FORMAT = dwarf;
				ENABLE_STRICT_OBJC_MSGSEND = YES;
				ENABLE_TESTABILITY = YES;
				GCC_C_LANGUAGE_STANDARD = gnu11;
				GCC_DYNAMIC_NO_PIC = NO;
				GCC_NO_COMMON_BLOCKS = YES;
				GCC_OPTIMIZATION_LEVEL = 0;
				GCC_PREPROCESSOR_DEFINITIONS = (
					"DEBUG=1",
					"$(inherited)",
				);
				GCC_WARN_64_TO_32_BIT_CONVERSION = YES;
				GCC_WARN_ABOUT_RETURN_TYPE = YES_ERROR;
				GCC_WARN_UNDECLARED_SELECTOR = YES;
				GCC_WARN_UNINITIALIZED_AUTOS = YES_AGGRESSIVE;
				GCC_WARN_UNUSED_FUNCTION = YES;
				GCC_WARN_UNUSED_VARIABLE = YES;
				IPHONEOS_DEPLOYMENT_TARGET = 12.0;
				MTL_ENABLE_DEBUG_INFO = INCLUDE_SOURCE;
				MTL_FAST_MATH = YES;
				ONLY_ACTIVE_ARCH = YES;
				SDKROOT = iphoneos;
				SWIFT_ACTIVE_COMPILATION_CONDITIONS = DEBUG;
				SWIFT_OPTIMIZATION_LEVEL = "-Onone";
			};
			name = Debug;
		};
		5923EE67216A1C4F00C521C0 /* Release */ = {
			isa = XCBuildConfiguration;
			buildSettings = {
				ALWAYS_SEARCH_USER_PATHS = NO;
				CLANG_ANALYZER_NONNULL = YES;
				CLANG_ANALYZER_NUMBER_OBJECT_CONVERSION = YES_AGGRESSIVE;
				CLANG_CXX_LANGUAGE_STANDARD = "gnu++14";
				CLANG_CXX_LIBRARY = "libc++";
				CLANG_ENABLE_MODULES = YES;
				CLANG_ENABLE_OBJC_ARC = YES;
				CLANG_ENABLE_OBJC_WEAK = YES;
				CLANG_WARN_BLOCK_CAPTURE_AUTORELEASING = YES;
				CLANG_WARN_BOOL_CONVERSION = YES;
				CLANG_WARN_COMMA = YES;
				CLANG_WARN_CONSTANT_CONVERSION = YES;
				CLANG_WARN_DEPRECATED_OBJC_IMPLEMENTATIONS = YES;
				CLANG_WARN_DIRECT_OBJC_ISA_USAGE = YES_ERROR;
				CLANG_WARN_DOCUMENTATION_COMMENTS = YES;
				CLANG_WARN_EMPTY_BODY = YES;
				CLANG_WARN_ENUM_CONVERSION = YES;
				CLANG_WARN_INFINITE_RECURSION = YES;
				CLANG_WARN_INT_CONVERSION = YES;
				CLANG_WARN_NON_LITERAL_NULL_CONVERSION = YES;
				CLANG_WARN_OBJC_IMPLICIT_RETAIN_SELF = YES;
				CLANG_WARN_OBJC_LITERAL_CONVERSION = YES;
				CLANG_WARN_OBJC_ROOT_CLASS = YES_ERROR;
				CLANG_WARN_RANGE_LOOP_ANALYSIS = YES;
				CLANG_WARN_STRICT_PROTOTYPES = YES;
				CLANG_WARN_SUSPICIOUS_MOVE = YES;
				CLANG_WARN_UNGUARDED_AVAILABILITY = YES_AGGRESSIVE;
				CLANG_WARN_UNREACHABLE_CODE = YES;
				CLANG_WARN__DUPLICATE_METHOD_MATCH = YES;
				CODE_SIGN_IDENTITY = "iPhone Developer";
				COPY_PHASE_STRIP = NO;
				DEBUG_INFORMATION_FORMAT = "dwarf-with-dsym";
				ENABLE_NS_ASSERTIONS = NO;
				ENABLE_STRICT_OBJC_MSGSEND = YES;
				GCC_C_LANGUAGE_STANDARD = gnu11;
				GCC_NO_COMMON_BLOCKS = YES;
				GCC_WARN_64_TO_32_BIT_CONVERSION = YES;
				GCC_WARN_ABOUT_RETURN_TYPE = YES_ERROR;
				GCC_WARN_UNDECLARED_SELECTOR = YES;
				GCC_WARN_UNINITIALIZED_AUTOS = YES_AGGRESSIVE;
				GCC_WARN_UNUSED_FUNCTION = YES;
				GCC_WARN_UNUSED_VARIABLE = YES;
				IPHONEOS_DEPLOYMENT_TARGET = 12.0;
				MTL_ENABLE_DEBUG_INFO = NO;
				MTL_FAST_MATH = YES;
				SDKROOT = iphoneos;
				SWIFT_COMPILATION_MODE = wholemodule;
				SWIFT_OPTIMIZATION_LEVEL = "-O";
				VALIDATE_PRODUCT = YES;
			};
			name = Release;
		};
		5923EE69216A1C4F00C521C0 /* Debug */ = {
			isa = XCBuildConfiguration;
			baseConfigurationReference = 99C8B70390907F6E31EF6B91 /* Pods-TodoWithFirebase.debug.xcconfig */;
			buildSettings = {
				ASSETCATALOG_COMPILER_APPICON_NAME = AppIcon;
				CODE_SIGN_STYLE = Automatic;
				DEVELOPMENT_TEAM = 97EC2NEAR5;
				INFOPLIST_FILE = TodoWithFirebase/Info.plist;
				LD_RUNPATH_SEARCH_PATHS = (
					"$(inherited)",
					"@executable_path/Frameworks",
				);
				PRODUCT_BUNDLE_IDENTIFIER = com.todowithfirebase.ios;
				PRODUCT_NAME = "$(TARGET_NAME)";
				SWIFT_VERSION = 4.2;
				TARGETED_DEVICE_FAMILY = "1,2";
			};
			name = Debug;
		};
		5923EE6A216A1C4F00C521C0 /* Release */ = {
			isa = XCBuildConfiguration;
			baseConfigurationReference = 3F0697F894DBA16CC6D76669 /* Pods-TodoWithFirebase.release.xcconfig */;
			buildSettings = {
				ASSETCATALOG_COMPILER_APPICON_NAME = AppIcon;
				CODE_SIGN_STYLE = Automatic;
				DEVELOPMENT_TEAM = 97EC2NEAR5;
				INFOPLIST_FILE = TodoWithFirebase/Info.plist;
				LD_RUNPATH_SEARCH_PATHS = (
					"$(inherited)",
					"@executable_path/Frameworks",
				);
				PRODUCT_BUNDLE_IDENTIFIER = com.todowithfirebase.ios;
				PRODUCT_NAME = "$(TARGET_NAME)";
				SWIFT_VERSION = 4.2;
				TARGETED_DEVICE_FAMILY = "1,2";
			};
			name = Release;
		};
		5923EE6C216A1C4F00C521C0 /* Debug */ = {
			isa = XCBuildConfiguration;
			baseConfigurationReference = E5E8D33AEB06A5E2850F35EC /* Pods-TodoWithFirebaseTests.debug.xcconfig */;
			buildSettings = {
				ALWAYS_EMBED_SWIFT_STANDARD_LIBRARIES = YES;
				BUNDLE_LOADER = "$(TEST_HOST)";
				CODE_SIGN_STYLE = Automatic;
				DEVELOPMENT_TEAM = 97EC2NEAR5;
				INFOPLIST_FILE = TodoWithFirebaseTests/Info.plist;
				LD_RUNPATH_SEARCH_PATHS = (
					"$(inherited)",
					"@executable_path/Frameworks",
					"@loader_path/Frameworks",
				);
				PRODUCT_BUNDLE_IDENTIFIER = com.todowithfirebase.ios.TodoWithFirebaseTests;
				PRODUCT_NAME = "$(TARGET_NAME)";
				SWIFT_VERSION = 4.2;
				TARGETED_DEVICE_FAMILY = "1,2";
				TEST_HOST = "$(BUILT_PRODUCTS_DIR)/TodoWithFirebase.app/TodoWithFirebase";
			};
			name = Debug;
		};
		5923EE6D216A1C4F00C521C0 /* Release */ = {
			isa = XCBuildConfiguration;
			baseConfigurationReference = 604EA2956D08038B7F7D364C /* Pods-TodoWithFirebaseTests.release.xcconfig */;
			buildSettings = {
				ALWAYS_EMBED_SWIFT_STANDARD_LIBRARIES = YES;
				BUNDLE_LOADER = "$(TEST_HOST)";
				CODE_SIGN_STYLE = Automatic;
				DEVELOPMENT_TEAM = 97EC2NEAR5;
				INFOPLIST_FILE = TodoWithFirebaseTests/Info.plist;
				LD_RUNPATH_SEARCH_PATHS = (
					"$(inherited)",
					"@executable_path/Frameworks",
					"@loader_path/Frameworks",
				);
				PRODUCT_BUNDLE_IDENTIFIER = com.todowithfirebase.ios.TodoWithFirebaseTests;
				PRODUCT_NAME = "$(TARGET_NAME)";
				SWIFT_VERSION = 4.2;
				TARGETED_DEVICE_FAMILY = "1,2";
				TEST_HOST = "$(BUILT_PRODUCTS_DIR)/TodoWithFirebase.app/TodoWithFirebase";
			};
			name = Release;
		};
		5923EE6F216A1C4F00C521C0 /* Debug */ = {
			isa = XCBuildConfiguration;
			baseConfigurationReference = B241B4FF12A6686015AED4E7 /* Pods-TodoWithFirebaseUITests.debug.xcconfig */;
			buildSettings = {
				ALWAYS_EMBED_SWIFT_STANDARD_LIBRARIES = YES;
				CODE_SIGN_STYLE = Automatic;
				DEVELOPMENT_TEAM = 97EC2NEAR5;
				INFOPLIST_FILE = TodoWithFirebaseUITests/Info.plist;
				LD_RUNPATH_SEARCH_PATHS = (
					"$(inherited)",
					"@executable_path/Frameworks",
					"@loader_path/Frameworks",
				);
				PRODUCT_BUNDLE_IDENTIFIER = com.todowithfirebase.ios.TodoWithFirebaseUITests;
				PRODUCT_NAME = "$(TARGET_NAME)";
				SWIFT_VERSION = 4.2;
				TARGETED_DEVICE_FAMILY = "1,2";
				TEST_TARGET_NAME = TodoWithFirebase;
			};
			name = Debug;
		};
		5923EE70216A1C4F00C521C0 /* Release */ = {
			isa = XCBuildConfiguration;
			baseConfigurationReference = C19123F3FCE24FE12818C435 /* Pods-TodoWithFirebaseUITests.release.xcconfig */;
			buildSettings = {
				ALWAYS_EMBED_SWIFT_STANDARD_LIBRARIES = YES;
				CODE_SIGN_STYLE = Automatic;
				DEVELOPMENT_TEAM = 97EC2NEAR5;
				INFOPLIST_FILE = TodoWithFirebaseUITests/Info.plist;
				LD_RUNPATH_SEARCH_PATHS = (
					"$(inherited)",
					"@executable_path/Frameworks",
					"@loader_path/Frameworks",
				);
				PRODUCT_BUNDLE_IDENTIFIER = com.todowithfirebase.ios.TodoWithFirebaseUITests;
				PRODUCT_NAME = "$(TARGET_NAME)";
				SWIFT_VERSION = 4.2;
				TARGETED_DEVICE_FAMILY = "1,2";
				TEST_TARGET_NAME = TodoWithFirebase;
			};
			name = Release;
		};
/* End XCBuildConfiguration section */

/* Begin XCConfigurationList section */
		5923EE3B216A1C4E00C521C0 /* Build configuration list for PBXProject "TodoWithFirebase" */ = {
			isa = XCConfigurationList;
			buildConfigurations = (
				5923EE66216A1C4F00C521C0 /* Debug */,
				5923EE67216A1C4F00C521C0 /* Release */,
			);
			defaultConfigurationIsVisible = 0;
			defaultConfigurationName = Release;
		};
		5923EE68216A1C4F00C521C0 /* Build configuration list for PBXNativeTarget "TodoWithFirebase" */ = {
			isa = XCConfigurationList;
			buildConfigurations = (
				5923EE69216A1C4F00C521C0 /* Debug */,
				5923EE6A216A1C4F00C521C0 /* Release */,
			);
			defaultConfigurationIsVisible = 0;
			defaultConfigurationName = Release;
		};
		5923EE6B216A1C4F00C521C0 /* Build configuration list for PBXNativeTarget "TodoWithFirebaseTests" */ = {
			isa = XCConfigurationList;
			buildConfigurations = (
				5923EE6C216A1C4F00C521C0 /* Debug */,
				5923EE6D216A1C4F00C521C0 /* Release */,
			);
			defaultConfigurationIsVisible = 0;
			defaultConfigurationName = Release;
		};
		5923EE6E216A1C4F00C521C0 /* Build configuration list for PBXNativeTarget "TodoWithFirebaseUITests" */ = {
			isa = XCConfigurationList;
			buildConfigurations = (
				5923EE6F216A1C4F00C521C0 /* Debug */,
				5923EE70216A1C4F00C521C0 /* Release */,
			);
			defaultConfigurationIsVisible = 0;
			defaultConfigurationName = Release;
		};
/* End XCConfigurationList section */
	};
	rootObject = 5923EE38216A1C4E00C521C0 /* Project object */;
}
